
Microsoft Visual Studio Solution File, Format Version 12.00
# Visual Studio 15
VisualStudioVersion = 15.0.27703.2035
MinimumVisualStudioVersion = 10.0.40219.1
Project("{FAE04EC0-301F-11D3-BF4B-00C04F79EFBC}") = "P 4-4 Diplomado_MVC_HTML_Helps_Persona", "P 4-4 Diplomado_MVC_HTML_Helps_Persona\P 4-4 Diplomado_MVC_HTML_Helps_Persona.csproj", "{1562660E-446A-4E8F-AB43-4D47DA38CE07}"
EndProject
Global
	GlobalSection(SolutionConfigurationPlatforms) = preSolution
		Debug|Any CPU = Debug|Any CPU
		Release|Any CPU = Release|Any CPU
	EndGlobalSection
	GlobalSection(ProjectConfigurationPlatforms) = postSolution
		{1562660E-446A-4E8F-AB43-4D47DA38CE07}.Debug|Any CPU.ActiveCfg = Debug|Any CPU
		{1562660E-446A-4E8F-AB43-4D47DA38CE07}.Debug|Any CPU.Build.0 = Debug|Any CPU
		{1562660E-446A-4E8F-AB43-4D47DA38CE07}.Release|Any CPU.ActiveCfg = Release|Any CPU
		{1562660E-446A-4E8F-AB43-4D47DA38CE07}.Release|Any CPU.Build.0 = Release|Any CPU
	EndGlobalSection
	GlobalSection(SolutionProperties) = preSolution
		HideSolutionNode = FALSE
	EndGlobalSection
	GlobalSection(ExtensibilityGlobals) = postSolution
		SolutionGuid = {DE56E568-7CE0-457F-9345-6C598ACA5078}
	EndGlobalSection
EndGlobal
